
Microsoft Visual Studio Solution File, Format Version 12.00
# Visual Studio Version 16
VisualStudioVersion = 16.0.30523.141
MinimumVisualStudioVersion = 10.0.40219.1
Project("{FAE04EC0-301F-11D3-BF4B-00C04F79EFBC}") = "AStep2021.CSharp.HW01.InputOutputText", "AStep2021.CSharp.HW01.InputOutputText\AStep2021.CSharp.HW01.InputOutputText.csproj", "{81CF70AA-7CD2-4E3D-8574-E1AFC2E16EE1}"
EndProject
Project("{FAE04EC0-301F-11D3-BF4B-00C04F79EFBC}") = "AStep2021.CSharp.HW02.MassivStringEnum", "AStep2021.CSharp.HW02.MassivStringEnum\AStep2021.CSharp.HW02.MassivStringEnum.csproj", "{F7A1F616-5F37-4413-BF32-09B9A20F0C2C}"
EndProject
Project("{FAE04EC0-301F-11D3-BF4B-00C04F79EFBC}") = "AStep2021.CSharp.HW03.ClassAndStruct", "AStep2021.CSharp.HW03.ClassAndStruct\AStep2021.CSharp.HW03.ClassAndStruct.csproj", "{35093519-C67F-4263-9B58-35BE78BDF18F}"
EndProject
Project("{FAE04EC0-301F-11D3-BF4B-00C04F79EFBC}") = "AStep2021.CSharp.HW03.Task09.Wonder", "AStep2021.CSharp.HW03.Task09.Wonder\AStep2021.CSharp.HW03.Task09.Wonder.csproj", "{604521D7-F257-4992-9205-25889BA36FDB}"
EndProject
Global
	GlobalSection(SolutionConfigurationPlatforms) = preSolution
		Debug|Any CPU = Debug|Any CPU
		Release|Any CPU = Release|Any CPU
	EndGlobalSection
	GlobalSection(ProjectConfigurationPlatforms) = postSolution
		{81CF70AA-7CD2-4E3D-8574-E1AFC2E16EE1}.Debug|Any CPU.ActiveCfg = Debug|Any CPU
		{81CF70AA-7CD2-4E3D-8574-E1AFC2E16EE1}.Debug|Any CPU.Build.0 = Debug|Any CPU
		{81CF70AA-7CD2-4E3D-8574-E1AFC2E16EE1}.Release|Any CPU.ActiveCfg = Release|Any CPU
		{81CF70AA-7CD2-4E3D-8574-E1AFC2E16EE1}.Release|Any CPU.Build.0 = Release|Any CPU
		{F7A1F616-5F37-4413-BF32-09B9A20F0C2C}.Debug|Any CPU.ActiveCfg = Debug|Any CPU
		{F7A1F616-5F37-4413-BF32-09B9A20F0C2C}.Debug|Any CPU.Build.0 = Debug|Any CPU
		{F7A1F616-5F37-4413-BF32-09B9A20F0C2C}.Release|Any CPU.ActiveCfg = Release|Any CPU
		{F7A1F616-5F37-4413-BF32-09B9A20F0C2C}.Release|Any CPU.Build.0 = Release|Any CPU
		{35093519-C67F-4263-9B58-35BE78BDF18F}.Debug|Any CPU.ActiveCfg = Debug|Any CPU
		{35093519-C67F-4263-9B58-35BE78BDF18F}.Debug|Any CPU.Build.0 = Debug|Any CPU
		{35093519-C67F-4263-9B58-35BE78BDF18F}.Release|Any CPU.ActiveCfg = Release|Any CPU
		{35093519-C67F-4263-9B58-35BE78BDF18F}.Release|Any CPU.Build.0 = Release|Any CPU
		{604521D7-F257-4992-9205-25889BA36FDB}.Debug|Any CPU.ActiveCfg = Debug|Any CPU
		{604521D7-F257-4992-9205-25889BA36FDB}.Debug|Any CPU.Build.0 = Debug|Any CPU
		{604521D7-F257-4992-9205-25889BA36FDB}.Release|Any CPU.ActiveCfg = Release|Any CPU
		{604521D7-F257-4992-9205-25889BA36FDB}.Release|Any CPU.Build.0 = Release|Any CPU
	EndGlobalSection
	GlobalSection(SolutionProperties) = preSolution
		HideSolutionNode = FALSE
	EndGlobalSection
	GlobalSection(ExtensibilityGlobals) = postSolution
		SolutionGuid = {365CA139-E633-4A22-B75C-5373EB1F4927}
	EndGlobalSection
EndGlobal
