
Microsoft Visual Studio Solution File, Format Version 12.00
# Visual Studio Version 16
VisualStudioVersion = 16.0.30523.141
MinimumVisualStudioVersion = 10.0.40219.1
Project("{FAE04EC0-301F-11D3-BF4B-00C04F79EFBC}") = "AStep2021.CSharp.HW01.InputOutputText", "AStep2021.CSharp.HW01.InputOutputText\AStep2021.CSharp.HW01.InputOutputText.csproj", "{81CF70AA-7CD2-4E3D-8574-E1AFC2E16EE1}"
EndProject
Project("{FAE04EC0-301F-11D3-BF4B-00C04F79EFBC}") = "AStep2021.CSharp.HW02.MassivStringEnum", "AStep2021.CSharp.HW02.MassivStringEnum\AStep2021.CSharp.HW02.MassivStringEnum.csproj", "{F7A1F616-5F37-4413-BF32-09B9A20F0C2C}"
EndProject
Project("{FAE04EC0-301F-11D3-BF4B-00C04F79EFBC}") = "AStep2021.CSharp.HW03.ClassAndStruct", "AStep2021.CSharp.HW03.ClassAndStruct\AStep2021.CSharp.HW03.ClassAndStruct.csproj", "{35093519-C67F-4263-9B58-35BE78BDF18F}"
EndProject
Project("{FAE04EC0-301F-11D3-BF4B-00C04F79EFBC}") = "AStep2021.CSharp.HW03.Task09.Wonder", "AStep2021.CSharp.HW03.Task09.Wonder\AStep2021.CSharp.HW03.Task09.Wonder.csproj", "{604521D7-F257-4992-9205-25889BA36FDB}"
EndProject
Project("{FAE04EC0-301F-11D3-BF4B-00C04F79EFBC}") = "AStep2021.CSharp.HW04.Task01.Forms", "AStep2021.CSharp.HW04.Task01.Forms\AStep2021.CSharp.HW04.Task01.Forms.csproj", "{254F0E58-A7F7-47A7-90A9-1E782D128DFD}"
EndProject
Project("{FAE04EC0-301F-11D3-BF4B-00C04F79EFBC}") = "AStep2021.CSharp.HW04.Task02.Products", "AStep2021.CSharp.HW04.Task02.Products\AStep2021.CSharp.HW04.Task02.Products.csproj", "{9B881D2A-3C38-4FAC-BC6F-E54B87F67A6E}"
EndProject
Project("{FAE04EC0-301F-11D3-BF4B-00C04F79EFBC}") = "AStep2021.CSharp.HW05.Task01.Parse", "AStep2021.CSharp.HW05.Task01.Parse\AStep2021.CSharp.HW05.Task01.Parse.csproj", "{A6011483-24DC-47B1-AF79-0845D6C8B9E1}"
EndProject
Project("{FAE04EC0-301F-11D3-BF4B-00C04F79EFBC}") = "AStep2021.CSharp.HW05.Task02.EquationSystem", "AStep2021.CSharp.HW05.Task02.EquationSystem\AStep2021.CSharp.HW05.Task02.EquationSystem.csproj", "{69BAD30E-6017-42C8-8886-7F0E99F99985}"
EndProject
Project("{FAE04EC0-301F-11D3-BF4B-00C04F79EFBC}") = "AStep2021.CSharp.HW05.Task03.Complex", "AStep2021.CSharp.HW05.Task03.Complex\AStep2021.CSharp.HW05.Task03.Complex.csproj", "{0663B2E1-47C1-48CC-8B26-4F9EDA2843F2}"
EndProject
Project("{FAE04EC0-301F-11D3-BF4B-00C04F79EFBC}") = "AStep2021.CSharp.HW05.Task04.Fraction", "AStep2021.CSharp.HW05.Task04.Fraction\AStep2021.CSharp.HW05.Task04.Fraction.csproj", "{BDEEE6AF-6C00-43CF-85AE-A80B92E8C87A}"
EndProject
Project("{FAE04EC0-301F-11D3-BF4B-00C04F79EFBC}") = "AStep2021.CSharp.HW06.Task01.InterfaiceForms", "AStep2021.CSharp.HW06.Task01.InterfaiceForms\AStep2021.CSharp.HW06.Task01.InterfaiceForms.csproj", "{4D0FB228-BFA2-470E-AA0D-7A5880D8A646}"
EndProject
Project("{FAE04EC0-301F-11D3-BF4B-00C04F79EFBC}") = "AStep2021.CSharp.HW06.Task01.InterfaicePrintForms", "AStep2021.CSharp.HW06.Task01.InterfaicePrintForms\AStep2021.CSharp.HW06.Task01.InterfaicePrintForms.csproj", "{C0065658-669A-43C2-BF6B-F0B3C3F2FBD3}"
EndProject
Project("{FAE04EC0-301F-11D3-BF4B-00C04F79EFBC}") = "AStep2021.CSharp.HW07.Task01.TryCatch", "AStep2021.CSharp.HW07.Task01.TryCatch\AStep2021.CSharp.HW07.Task01.TryCatch.csproj", "{0ACD6A8A-77C5-40F6-9541-315995A38EA0}"
EndProject
Project("{FAE04EC0-301F-11D3-BF4B-00C04F79EFBC}") = "AStep2021.CSharp.HW08.Task01.CollectionDictionary", "AStep2021.CSharp.HW08.Task01.CollectionDictionary\AStep2021.CSharp.HW08.Task01.CollectionDictionary.csproj", "{5CBE3093-FBBE-414C-8F44-5BE1DB9C4F7D}"
EndProject
Project("{FAE04EC0-301F-11D3-BF4B-00C04F79EFBC}") = "AStep2021.CSharp.HW08.Task02.CollectionPoint", "AStep2021.CSharp.HW08.Task02.CollectionPoint\AStep2021.CSharp.HW08.Task02.CollectionPoint.csproj", "{F67A45B9-158D-415C-A649-F2AEEFA082F1}"
EndProject
Global
	GlobalSection(SolutionConfigurationPlatforms) = preSolution
		Debug|Any CPU = Debug|Any CPU
		Release|Any CPU = Release|Any CPU
	EndGlobalSection
	GlobalSection(ProjectConfigurationPlatforms) = postSolution
		{81CF70AA-7CD2-4E3D-8574-E1AFC2E16EE1}.Debug|Any CPU.ActiveCfg = Debug|Any CPU
		{81CF70AA-7CD2-4E3D-8574-E1AFC2E16EE1}.Debug|Any CPU.Build.0 = Debug|Any CPU
		{81CF70AA-7CD2-4E3D-8574-E1AFC2E16EE1}.Release|Any CPU.ActiveCfg = Release|Any CPU
		{81CF70AA-7CD2-4E3D-8574-E1AFC2E16EE1}.Release|Any CPU.Build.0 = Release|Any CPU
		{F7A1F616-5F37-4413-BF32-09B9A20F0C2C}.Debug|Any CPU.ActiveCfg = Debug|Any CPU
		{F7A1F616-5F37-4413-BF32-09B9A20F0C2C}.Debug|Any CPU.Build.0 = Debug|Any CPU
		{F7A1F616-5F37-4413-BF32-09B9A20F0C2C}.Release|Any CPU.ActiveCfg = Release|Any CPU
		{F7A1F616-5F37-4413-BF32-09B9A20F0C2C}.Release|Any CPU.Build.0 = Release|Any CPU
		{35093519-C67F-4263-9B58-35BE78BDF18F}.Debug|Any CPU.ActiveCfg = Debug|Any CPU
		{35093519-C67F-4263-9B58-35BE78BDF18F}.Debug|Any CPU.Build.0 = Debug|Any CPU
		{35093519-C67F-4263-9B58-35BE78BDF18F}.Release|Any CPU.ActiveCfg = Release|Any CPU
		{35093519-C67F-4263-9B58-35BE78BDF18F}.Release|Any CPU.Build.0 = Release|Any CPU
		{604521D7-F257-4992-9205-25889BA36FDB}.Debug|Any CPU.ActiveCfg = Debug|Any CPU
		{604521D7-F257-4992-9205-25889BA36FDB}.Debug|Any CPU.Build.0 = Debug|Any CPU
		{604521D7-F257-4992-9205-25889BA36FDB}.Release|Any CPU.ActiveCfg = Release|Any CPU
		{604521D7-F257-4992-9205-25889BA36FDB}.Release|Any CPU.Build.0 = Release|Any CPU
		{254F0E58-A7F7-47A7-90A9-1E782D128DFD}.Debug|Any CPU.ActiveCfg = Debug|Any CPU
		{254F0E58-A7F7-47A7-90A9-1E782D128DFD}.Debug|Any CPU.Build.0 = Debug|Any CPU
		{254F0E58-A7F7-47A7-90A9-1E782D128DFD}.Release|Any CPU.ActiveCfg = Release|Any CPU
		{254F0E58-A7F7-47A7-90A9-1E782D128DFD}.Release|Any CPU.Build.0 = Release|Any CPU
		{9B881D2A-3C38-4FAC-BC6F-E54B87F67A6E}.Debug|Any CPU.ActiveCfg = Debug|Any CPU
		{9B881D2A-3C38-4FAC-BC6F-E54B87F67A6E}.Debug|Any CPU.Build.0 = Debug|Any CPU
		{9B881D2A-3C38-4FAC-BC6F-E54B87F67A6E}.Release|Any CPU.ActiveCfg = Release|Any CPU
		{9B881D2A-3C38-4FAC-BC6F-E54B87F67A6E}.Release|Any CPU.Build.0 = Release|Any CPU
		{A6011483-24DC-47B1-AF79-0845D6C8B9E1}.Debug|Any CPU.ActiveCfg = Debug|Any CPU
		{A6011483-24DC-47B1-AF79-0845D6C8B9E1}.Debug|Any CPU.Build.0 = Debug|Any CPU
		{A6011483-24DC-47B1-AF79-0845D6C8B9E1}.Release|Any CPU.ActiveCfg = Release|Any CPU
		{A6011483-24DC-47B1-AF79-0845D6C8B9E1}.Release|Any CPU.Build.0 = Release|Any CPU
		{69BAD30E-6017-42C8-8886-7F0E99F99985}.Debug|Any CPU.ActiveCfg = Debug|Any CPU
		{69BAD30E-6017-42C8-8886-7F0E99F99985}.Debug|Any CPU.Build.0 = Debug|Any CPU
		{69BAD30E-6017-42C8-8886-7F0E99F99985}.Release|Any CPU.ActiveCfg = Release|Any CPU
		{69BAD30E-6017-42C8-8886-7F0E99F99985}.Release|Any CPU.Build.0 = Release|Any CPU
		{0663B2E1-47C1-48CC-8B26-4F9EDA2843F2}.Debug|Any CPU.ActiveCfg = Debug|Any CPU
		{0663B2E1-47C1-48CC-8B26-4F9EDA2843F2}.Debug|Any CPU.Build.0 = Debug|Any CPU
		{0663B2E1-47C1-48CC-8B26-4F9EDA2843F2}.Release|Any CPU.ActiveCfg = Release|Any CPU
		{0663B2E1-47C1-48CC-8B26-4F9EDA2843F2}.Release|Any CPU.Build.0 = Release|Any CPU
		{BDEEE6AF-6C00-43CF-85AE-A80B92E8C87A}.Debug|Any CPU.ActiveCfg = Debug|Any CPU
		{BDEEE6AF-6C00-43CF-85AE-A80B92E8C87A}.Debug|Any CPU.Build.0 = Debug|Any CPU
		{BDEEE6AF-6C00-43CF-85AE-A80B92E8C87A}.Release|Any CPU.ActiveCfg = Release|Any CPU
		{BDEEE6AF-6C00-43CF-85AE-A80B92E8C87A}.Release|Any CPU.Build.0 = Release|Any CPU
		{4D0FB228-BFA2-470E-AA0D-7A5880D8A646}.Debug|Any CPU.ActiveCfg = Debug|Any CPU
		{4D0FB228-BFA2-470E-AA0D-7A5880D8A646}.Debug|Any CPU.Build.0 = Debug|Any CPU
		{4D0FB228-BFA2-470E-AA0D-7A5880D8A646}.Release|Any CPU.ActiveCfg = Release|Any CPU
		{4D0FB228-BFA2-470E-AA0D-7A5880D8A646}.Release|Any CPU.Build.0 = Release|Any CPU
		{C0065658-669A-43C2-BF6B-F0B3C3F2FBD3}.Debug|Any CPU.ActiveCfg = Debug|Any CPU
		{C0065658-669A-43C2-BF6B-F0B3C3F2FBD3}.Debug|Any CPU.Build.0 = Debug|Any CPU
		{C0065658-669A-43C2-BF6B-F0B3C3F2FBD3}.Release|Any CPU.ActiveCfg = Release|Any CPU
		{C0065658-669A-43C2-BF6B-F0B3C3F2FBD3}.Release|Any CPU.Build.0 = Release|Any CPU
		{0ACD6A8A-77C5-40F6-9541-315995A38EA0}.Debug|Any CPU.ActiveCfg = Debug|Any CPU
		{0ACD6A8A-77C5-40F6-9541-315995A38EA0}.Debug|Any CPU.Build.0 = Debug|Any CPU
		{0ACD6A8A-77C5-40F6-9541-315995A38EA0}.Release|Any CPU.ActiveCfg = Release|Any CPU
		{0ACD6A8A-77C5-40F6-9541-315995A38EA0}.Release|Any CPU.Build.0 = Release|Any CPU
		{5CBE3093-FBBE-414C-8F44-5BE1DB9C4F7D}.Debug|Any CPU.ActiveCfg = Debug|Any CPU
		{5CBE3093-FBBE-414C-8F44-5BE1DB9C4F7D}.Debug|Any CPU.Build.0 = Debug|Any CPU
		{5CBE3093-FBBE-414C-8F44-5BE1DB9C4F7D}.Release|Any CPU.ActiveCfg = Release|Any CPU
		{5CBE3093-FBBE-414C-8F44-5BE1DB9C4F7D}.Release|Any CPU.Build.0 = Release|Any CPU
		{F67A45B9-158D-415C-A649-F2AEEFA082F1}.Debug|Any CPU.ActiveCfg = Debug|Any CPU
		{F67A45B9-158D-415C-A649-F2AEEFA082F1}.Debug|Any CPU.Build.0 = Debug|Any CPU
		{F67A45B9-158D-415C-A649-F2AEEFA082F1}.Release|Any CPU.ActiveCfg = Release|Any CPU
		{F67A45B9-158D-415C-A649-F2AEEFA082F1}.Release|Any CPU.Build.0 = Release|Any CPU
	EndGlobalSection
	GlobalSection(SolutionProperties) = preSolution
		HideSolutionNode = FALSE
	EndGlobalSection
	GlobalSection(ExtensibilityGlobals) = postSolution
		SolutionGuid = {365CA139-E633-4A22-B75C-5373EB1F4927}
	EndGlobalSection
EndGlobal
